// !$*UTF8*$!
{
	archiveVersion = 1;
	classes = {
	};
	objectVersion = 50;
	objects = {

/* Begin PBXBuildFile section */
		1457DA3E20EE58F900FBEA10 /* AppDelegate.swift in Sources */ = {isa = PBXBuildFile; fileRef = 1457DA3D20EE58F900FBEA10 /* AppDelegate.swift */; };
		1457DA4320EE58F900FBEA10 /* Main.storyboard in Resources */ = {isa = PBXBuildFile; fileRef = 1457DA4120EE58F900FBEA10 /* Main.storyboard */; };
		1457DA4520EE590300FBEA10 /* Assets.xcassets in Resources */ = {isa = PBXBuildFile; fileRef = 1457DA4420EE590300FBEA10 /* Assets.xcassets */; };
		1457DA4820EE590300FBEA10 /* LaunchScreen.storyboard in Resources */ = {isa = PBXBuildFile; fileRef = 1457DA4620EE590300FBEA10 /* LaunchScreen.storyboard */; };
		1457DA5120EE8DED00FBEA10 /* EmojiArtViewController.swift in Sources */ = {isa = PBXBuildFile; fileRef = 1457DA5020EE8DED00FBEA10 /* EmojiArtViewController.swift */; };
		1457DA5320EE8E2E00FBEA10 /* EmojiView.swift in Sources */ = {isa = PBXBuildFile; fileRef = 1457DA5220EE8E2E00FBEA10 /* EmojiView.swift */; };
		1457DA5520EE947500FBEA10 /* Utilities.swift in Sources */ = {isa = PBXBuildFile; fileRef = 1457DA5420EE947500FBEA10 /* Utilities.swift */; };
		1457DA5720EEB81200FBEA10 /* EmojiArtDocumentTableViewController.swift in Sources */ = {isa = PBXBuildFile; fileRef = 1457DA5620EEB81200FBEA10 /* EmojiArtDocumentTableViewController.swift */; };
		1457DA5920EFBDF300FBEA10 /* EmojiCollectionViewCell.swift in Sources */ = {isa = PBXBuildFile; fileRef = 1457DA5820EFBDF300FBEA10 /* EmojiCollectionViewCell.swift */; };
/* End PBXBuildFile section */

/* Begin PBXFileReference section */
		1457DA3A20EE58F900FBEA10 /* EmojiArt.app */ = {isa = PBXFileReference; explicitFileType = wrapper.application; includeInIndex = 0; path = EmojiArt.app; sourceTree = BUILT_PRODUCTS_DIR; };
		1457DA3D20EE58F900FBEA10 /* AppDelegate.swift */ = {isa = PBXFileReference; lastKnownFileType = sourcecode.swift; path = AppDelegate.swift; sourceTree = "<group>"; };
		1457DA4220EE58F900FBEA10 /* Base */ = {isa = PBXFileReference; lastKnownFileType = file.storyboard; name = Base; path = Base.lproj/Main.storyboard; sourceTree = "<group>"; };
		1457DA4420EE590300FBEA10 /* Assets.xcassets */ = {isa = PBXFileReference; lastKnownFileType = folder.assetcatalog; path = Assets.xcassets; sourceTree = "<group>"; };
		1457DA4720EE590300FBEA10 /* Base */ = {isa = PBXFileReference; lastKnownFileType = file.storyboard; name = Base; path = Base.lproj/LaunchScreen.storyboard; sourceTree = "<group>"; };
		1457DA4920EE590300FBEA10 /* Info.plist */ = {isa = PBXFileReference; lastKnownFileType = text.plist.xml; path = Info.plist; sourceTree = "<group>"; };
		1457DA5020EE8DED00FBEA10 /* EmojiArtViewController.swift */ = {isa = PBXFileReference; lastKnownFileType = sourcecode.swift; path = EmojiArtViewController.swift; sourceTree = "<group>"; };
		1457DA5220EE8E2E00FBEA10 /* EmojiView.swift */ = {isa = PBXFileReference; lastKnownFileType = sourcecode.swift; path = EmojiView.swift; sourceTree = "<group>"; };
		1457DA5420EE947500FBEA10 /* Utilities.swift */ = {isa = PBXFileReference; lastKnownFileType = sourcecode.swift; path = Utilities.swift; sourceTree = "<group>"; };
		1457DA5620EEB81200FBEA10 /* EmojiArtDocumentTableViewController.swift */ = {isa = PBXFileReference; lastKnownFileType = sourcecode.swift; path = EmojiArtDocumentTableViewController.swift; sourceTree = "<group>"; };
		1457DA5820EFBDF300FBEA10 /* EmojiCollectionViewCell.swift */ = {isa = PBXFileReference; lastKnownFileType = sourcecode.swift; path = EmojiCollectionViewCell.swift; sourceTree = "<group>"; };
/* End PBXFileReference section */

/* Begin PBXFrameworksBuildPhase section */
		1457DA3720EE58F900FBEA10 /* Frameworks */ = {
			isa = PBXFrameworksBuildPhase;
			buildActionMask = 2147483647;
			files = (
			);
			runOnlyForDeploymentPostprocessing = 0;
		};
/* End PBXFrameworksBuildPhase section */

/* Begin PBXGroup section */
		1457DA3120EE58F900FBEA10 = {
			isa = PBXGroup;
			children = (
				1457DA3C20EE58F900FBEA10 /* EmojiArt */,
				1457DA3B20EE58F900FBEA10 /* Products */,
			);
			sourceTree = "<group>";
		};
		1457DA3B20EE58F900FBEA10 /* Products */ = {
			isa = PBXGroup;
			children = (
				1457DA3A20EE58F900FBEA10 /* EmojiArt.app */,
			);
			name = Products;
			sourceTree = "<group>";
		};
		1457DA3C20EE58F900FBEA10 /* EmojiArt */ = {
			isa = PBXGroup;
			children = (
				1457DA5020EE8DED00FBEA10 /* EmojiArtViewController.swift */,
				1457DA4120EE58F900FBEA10 /* Main.storyboard */,
				1457DA5820EFBDF300FBEA10 /* EmojiCollectionViewCell.swift */,
				1457DA5620EEB81200FBEA10 /* EmojiArtDocumentTableViewController.swift */,
				1457DA5420EE947500FBEA10 /* Utilities.swift */,
				1457DA5220EE8E2E00FBEA10 /* EmojiView.swift */,
				1457DA4F20EE8DB300FBEA10 /* Suporting Files */,
				1457DA4920EE590300FBEA10 /* Info.plist */,
			);
			path = EmojiArt;
			sourceTree = "<group>";
		};
		1457DA4F20EE8DB300FBEA10 /* Suporting Files */ = {
			isa = PBXGroup;
			children = (
				1457DA3D20EE58F900FBEA10 /* AppDelegate.swift */,
				1457DA4420EE590300FBEA10 /* Assets.xcassets */,
				1457DA4620EE590300FBEA10 /* LaunchScreen.storyboard */,
			);
			path = "Suporting Files";
			sourceTree = "<group>";
		};
/* End PBXGroup section */

/* Begin PBXNativeTarget section */
		1457DA3920EE58F900FBEA10 /* EmojiArt */ = {
			isa = PBXNativeTarget;
			buildConfigurationList = 1457DA4C20EE590300FBEA10 /* Build configuration list for PBXNativeTarget "EmojiArt" */;
			buildPhases = (
				1457DA3620EE58F900FBEA10 /* Sources */,
				1457DA3720EE58F900FBEA10 /* Frameworks */,
				1457DA3820EE58F900FBEA10 /* Resources */,
			);
			buildRules = (
			);
			dependencies = (
			);
			name = EmojiArt;
			productName = EmojiArt;
			productReference = 1457DA3A20EE58F900FBEA10 /* EmojiArt.app */;
			productType = "com.apple.product-type.application";
		};
/* End PBXNativeTarget section */

/* Begin PBXProject section */
		1457DA3220EE58F900FBEA10 /* Project object */ = {
			isa = PBXProject;
			attributes = {
				LastSwiftUpdateCheck = 0940;
				LastUpgradeCheck = 0940;
				ORGANIZATIONNAME = "Eyephone Developer";
				TargetAttributes = {
					1457DA3920EE58F900FBEA10 = {
						CreatedOnToolsVersion = 9.4.1;
					};
				};
			};
			buildConfigurationList = 1457DA3520EE58F900FBEA10 /* Build configuration list for PBXProject "EmojiArt" */;
			compatibilityVersion = "Xcode 9.3";
			developmentRegion = en;
			hasScannedForEncodings = 0;
			knownRegions = (
				en,
				Base,
			);
			mainGroup = 1457DA3120EE58F900FBEA10;
			productRefGroup = 1457DA3B20EE58F900FBEA10 /* Products */;
			projectDirPath = "";
			projectRoot = "";
			targets = (
				1457DA3920EE58F900FBEA10 /* EmojiArt */,
			);
		};
/* End PBXProject section */

/* Begin PBXResourcesBuildPhase section */
		1457DA3820EE58F900FBEA10 /* Resources */ = {
			isa = PBXResourcesBuildPhase;
			buildActionMask = 2147483647;
			files = (
				1457DA4820EE590300FBEA10 /* LaunchScreen.storyboard in Resources */,
				1457DA4520EE590300FBEA10 /* Assets.xcassets in Resources */,
				1457DA4320EE58F900FBEA10 /* Main.storyboard in Resources */,
			);
			runOnlyForDeploymentPostprocessing = 0;
		};
/* End PBXResourcesBuildPhase section */

/* Begin PBXSourcesBuildPhase section */
		1457DA3620EE58F900FBEA10 /* Sources */ = {
			isa = PBXSourcesBuildPhase;
			buildActionMask = 2147483647;
			files = (
				1457DA3E20EE58F900FBEA10 /* AppDelegate.swift in Sources */,
				1457DA5920EFBDF300FBEA10 /* EmojiCollectionViewCell.swift in Sources */,
				1457DA5120EE8DED00FBEA10 /* EmojiArtViewController.swift in Sources */,
				1457DA5520EE947500FBEA10 /* Utilities.swift in Sources */,
				1457DA5720EEB81200FBEA10 /* EmojiArtDocumentTableViewController.swift in Sources */,
				1457DA5320EE8E2E00FBEA10 /* EmojiView.swift in Sources */,
			);
			runOnlyForDeploymentPostprocessing = 0;
		};
/* End PBXSourcesBuildPhase section */

/* Begin PBXVariantGroup section */
		1457DA4120EE58F900FBEA10 /* Main.storyboard */ = {
			isa = PBXVariantGroup;
			children = (
				1457DA4220EE58F900FBEA10 /* Base */,
			);
			name = Main.storyboard;
			sourceTree = "<group>";
		};
		1457DA4620EE590300FBEA10 /* LaunchScreen.storyboard */ = {
			isa = PBXVariantGroup;
			children = (
				1457DA4720EE590300FBEA10 /* Base */,
			);
			name = LaunchScreen.storyboard;
			sourceTree = "<group>";
		};
/* End PBXVariantGroup section */

/* Begin XCBuildConfiguration section */
		1457DA4A20EE590300FBEA10 /* Debug */ = {
			isa = XCBuildConfiguration;
			buildSettings = {
				ALWAYS_SEARCH_USER_PATHS = NO;
				CLANG_ANALYZER_NONNULL = YES;
				CLANG_ANALYZER_NUMBER_OBJECT_CONVERSION = YES_AGGRESSIVE;
				CLANG_CXX_LANGUAGE_STANDARD = "gnu++14";
				CLANG_CXX_LIBRARY = "libc++";
				CLANG_ENABLE_MODULES = YES;
				CLANG_ENABLE_OBJC_ARC = YES;
				CLANG_ENABLE_OBJC_WEAK = YES;
				CLANG_WARN_BLOCK_CAPTURE_AUTORELEASING = YES;
				CLANG_WARN_BOOL_CONVERSION = YES;
				CLANG_WARN_COMMA = YES;
				CLANG_WARN_CONSTANT_CONVERSION = YES;
				CLANG_WARN_DEPRECATED_OBJC_IMPLEMENTATIONS = YES;
				CLANG_WARN_DIRECT_OBJC_ISA_USAGE = YES_ERROR;
				CLANG_WARN_DOCUMENTATION_COMMENTS = YES;
				CLANG_WARN_EMPTY_BODY = YES;
				CLANG_WARN_ENUM_CONVERSION = YES;
				CLANG_WARN_INFINITE_RECURSION = YES;
				CLANG_WARN_INT_CONVERSION = YES;
				CLANG_WARN_NON_LITERAL_NULL_CONVERSION = YES;
				CLANG_WARN_OBJC_IMPLICIT_RETAIN_SELF = YES;
				CLANG_WARN_OBJC_LITERAL_CONVERSION = YES;
				CLANG_WARN_OBJC_ROOT_CLASS = YES_ERROR;
				CLANG_WARN_RANGE_LOOP_ANALYSIS = YES;
				CLANG_WARN_STRICT_PROTOTYPES = YES;
				CLANG_WARN_SUSPICIOUS_MOVE = YES;
				CLANG_WARN_UNGUARDED_AVAILABILITY = YES_AGGRESSIVE;
				CLANG_WARN_UNREACHABLE_CODE = YES;
				CLANG_WARN__DUPLICATE_METHOD_MATCH = YES;
				CODE_SIGN_IDENTITY = "iPhone Developer";
				COPY_PHASE_STRIP = NO;
				DEBUG_INFORMATION_FORMAT = dwarf;
				ENABLE_STRICT_OBJC_MSGSEND = YES;
				ENABLE_TESTABILITY = YES;
				GCC_C_LANGUAGE_STANDARD = gnu11;
				GCC_DYNAMIC_NO_PIC = NO;
				GCC_NO_COMMON_BLOCKS = YES;
				GCC_OPTIMIZATION_LEVEL = 0;
				GCC_PREPROCESSOR_DEFINITIONS = (
					"DEBUG=1",
					"$(inherited)",
				);
				GCC_WARN_64_TO_32_BIT_CONVERSION = YES;
				GCC_WARN_ABOUT_RETURN_TYPE = YES_ERROR;
				GCC_WARN_UNDECLARED_SELECTOR = YES;
				GCC_WARN_UNINITIALIZED_AUTOS = YES_AGGRESSIVE;
				GCC_WARN_UNUSED_FUNCTION = YES;
				GCC_WARN_UNUSED_VARIABLE = YES;
				IPHONEOS_DEPLOYMENT_TARGET = 11.4;
				MTL_ENABLE_DEBUG_INFO = YES;
				ONLY_ACTIVE_ARCH = YES;
				SDKROOT = iphoneos;
				SWIFT_ACTIVE_COMPILATION_CONDITIONS = DEBUG;
				SWIFT_OPTIMIZATION_LEVEL = "-Onone";
			};
			name = Debug;
		};
		1457DA4B20EE590300FBEA10 /* Release */ = {
			isa = XCBuildConfiguration;
			buildSettings = {
				ALWAYS_SEARCH_USER_PATHS = NO;
				CLANG_ANALYZER_NONNULL = YES;
				CLANG_ANALYZER_NUMBER_OBJECT_CONVERSION = YES_AGGRESSIVE;
				CLANG_CXX_LANGUAGE_STANDARD = "gnu++14";
				CLANG_CXX_LIBRARY = "libc++";
				CLANG_ENABLE_MODULES = YES;
				CLANG_ENABLE_OBJC_ARC = YES;
				CLANG_ENABLE_OBJC_WEAK = YES;
				CLANG_WARN_BLOCK_CAPTURE_AUTORELEASING = YES;
				CLANG_WARN_BOOL_CONVERSION = YES;
				CLANG_WARN_COMMA = YES;
				CLANG_WARN_CONSTANT_CONVERSION = YES;
				CLANG_WARN_DEPRECATED_OBJC_IMPLEMENTATIONS = YES;
				CLANG_WARN_DIRECT_OBJC_ISA_USAGE = YES_ERROR;
				CLANG_WARN_DOCUMENTATION_COMMENTS = YES;
				CLANG_WARN_EMPTY_BODY = YES;
				CLANG_WARN_ENUM_CONVERSION = YES;
				CLANG_WARN_INFINITE_RECURSION = YES;
				CLANG_WARN_INT_CONVERSION = YES;
				CLANG_WARN_NON_LITERAL_NULL_CONVERSION = YES;
				CLANG_WARN_OBJC_IMPLICIT_RETAIN_SELF = YES;
				CLANG_WARN_OBJC_LITERAL_CONVERSION = YES;
				CLANG_WARN_OBJC_ROOT_CLASS = YES_ERROR;
				CLANG_WARN_RANGE_LOOP_ANALYSIS = YES;
				CLANG_WARN_STRICT_PROTOTYPES = YES;
				CLANG_WARN_SUSPICIOUS_MOVE = YES;
				CLANG_WARN_UNGUARDED_AVAILABILITY = YES_AGGRESSIVE;
				CLANG_WARN_UNREACHABLE_CODE = YES;
				CLANG_WARN__DUPLICATE_METHOD_MATCH = YES;
				CODE_SIGN_IDENTITY = "iPhone Developer";
				COPY_PHASE_STRIP = NO;
				DEBUG_INFORMATION_FORMAT = "dwarf-with-dsym";
				ENABLE_NS_ASSERTIONS = NO;
				ENABLE_STRICT_OBJC_MSGSEND = YES;
				GCC_C_LANGUAGE_STANDARD = gnu11;
				GCC_NO_COMMON_BLOCKS = YES;
				GCC_WARN_64_TO_32_BIT_CONVERSION = YES;
				GCC_WARN_ABOUT_RETURN_TYPE = YES_ERROR;
				GCC_WARN_UNDECLARED_SELECTOR = YES;
				GCC_WARN_UNINITIALIZED_AUTOS = YES_AGGRESSIVE;
				GCC_WARN_UNUSED_FUNCTION = YES;
				GCC_WARN_UNUSED_VARIABLE = YES;
				IPHONEOS_DEPLOYMENT_TARGET = 11.4;
				MTL_ENABLE_DEBUG_INFO = NO;
				SDKROOT = iphoneos;
				SWIFT_COMPILATION_MODE = wholemodule;
				SWIFT_OPTIMIZATION_LEVEL = "-O";
				VALIDATE_PRODUCT = YES;
			};
			name = Release;
		};
		1457DA4D20EE590300FBEA10 /* Debug */ = {
			isa = XCBuildConfiguration;
			buildSettings = {
				ASSETCATALOG_COMPILER_APPICON_NAME = AppIcon;
				CODE_SIGN_STYLE = Automatic;
				DEVELOPMENT_TEAM = TWFJG3F896;
				INFOPLIST_FILE = EmojiArt/Info.plist;
				IPHONEOS_DEPLOYMENT_TARGET = 11.0;
				LD_RUNPATH_SEARCH_PATHS = (
					"$(inherited)",
					"@executable_path/Frameworks",
				);
				PRODUCT_BUNDLE_IDENTIFIER = com.eyenexo.sampleLocal.EmojiArt;
				PRODUCT_NAME = "$(TARGET_NAME)";
				SWIFT_VERSION = 4.0;
				TARGETED_DEVICE_FAMILY = 2;
			};
			name = Debug;
		};
		1457DA4E20EE590300FBEA10 /* Release */ = {
			isa = XCBuildConfiguration;
			buildSettings = {
				ASSETCATALOG_COMPILER_APPICON_NAME = AppIcon;
				CODE_SIGN_STYLE = Automatic;
				DEVELOPMENT_TEAM = TWFJG3F896;
				INFOPLIST_FILE = EmojiArt/Info.plist;
				IPHONEOS_DEPLOYMENT_TARGET = 11.0;
				LD_RUNPATH_SEARCH_PATHS = (
					"$(inherited)",
					"@executable_path/Frameworks",
				);
				PRODUCT_BUNDLE_IDENTIFIER = com.eyenexo.sampleLocal.EmojiArt;
				PRODUCT_NAME = "$(TARGET_NAME)";
				SWIFT_VERSION = 4.0;
				TARGETED_DEVICE_FAMILY = 2;
			};
			name = Release;
		};
/* End XCBuildConfiguration section */

/* Begin XCConfigurationList section */
		1457DA3520EE58F900FBEA10 /* Build configuration list for PBXProject "EmojiArt" */ = {
			isa = XCConfigurationList;
			buildConfigurations = (
				1457DA4A20EE590300FBEA10 /* Debug */,
				1457DA4B20EE590300FBEA10 /* Release */,
			);
			defaultConfigurationIsVisible = 0;
			defaultConfigurationName = Release;
		};
		1457DA4C20EE590300FBEA10 /* Build configuration list for PBXNativeTarget "EmojiArt" */ = {
			isa = XCConfigurationList;
			buildConfigurations = (
				1457DA4D20EE590300FBEA10 /* Debug */,
				1457DA4E20EE590300FBEA10 /* Release */,
			);
			defaultConfigurationIsVisible = 0;
			defaultConfigurationName = Release;
		};
/* End XCConfigurationList section */
	};
	rootObject = 1457DA3220EE58F900FBEA10 /* Project object */;
}
